// !$*UTF8*$!
{
	archiveVersion = 1;
	classes = {
	};
	objectVersion = 46;
	objects = {

/* Begin PBXBuildFile section */
		98290C2F17F4B8D7009BA54E /* AudioToolbox.framework in Frameworks */ = {isa = PBXBuildFile; fileRef = 98290C2E17F4B8D7009BA54E /* AudioToolbox.framework */; };
		98290C3117F4BE63009BA54E /* AVFoundation.framework in Frameworks */ = {isa = PBXBuildFile; fileRef = 98290C3017F4BE63009BA54E /* AVFoundation.framework */; };
		98290C3417F4BFB3009BA54E /* GHZAudioController.m in Sources */ = {isa = PBXBuildFile; fileRef = 98290C3317F4BFB3009BA54E /* GHZAudioController.m */; };
		98290C3817F4C3EE009BA54E /* GHZRemoteUnit.m in Sources */ = {isa = PBXBuildFile; fileRef = 98290C3717F4C3EE009BA54E /* GHZRemoteUnit.m */; };
		98290C3C17F4CE74009BA54E /* SystemConfiguration.framework in Frameworks */ = {isa = PBXBuildFile; fileRef = 98290C3B17F4CE74009BA54E /* SystemConfiguration.framework */; };
		98290C3E17F4CE7E009BA54E /* CFNetwork.framework in Frameworks */ = {isa = PBXBuildFile; fileRef = 98290C3D17F4CE7E009BA54E /* CFNetwork.framework */; };
		98290C4017F4CE8E009BA54E /* libstdc++.dylib in Frameworks */ = {isa = PBXBuildFile; fileRef = 98290C3F17F4CE8E009BA54E /* libstdc++.dylib */; };
		98290C4217F4CE99009BA54E /* CoreAudio.framework in Frameworks */ = {isa = PBXBuildFile; fileRef = 98290C4117F4CE99009BA54E /* CoreAudio.framework */; };
		98290C4417F4CEA1009BA54E /* Security.framework in Frameworks */ = {isa = PBXBuildFile; fileRef = 98290C4317F4CEA1009BA54E /* Security.framework */; };
		98396A8C17F49D72002AFE10 /* Foundation.framework in Frameworks */ = {isa = PBXBuildFile; fileRef = 98396A8B17F49D72002AFE10 /* Foundation.framework */; };
		98396A8E17F49D72002AFE10 /* CoreGraphics.framework in Frameworks */ = {isa = PBXBuildFile; fileRef = 98396A8D17F49D72002AFE10 /* CoreGraphics.framework */; };
		98396A9017F49D72002AFE10 /* UIKit.framework in Frameworks */ = {isa = PBXBuildFile; fileRef = 98396A8F17F49D72002AFE10 /* UIKit.framework */; };
		98396A9617F49D72002AFE10 /* InfoPlist.strings in Resources */ = {isa = PBXBuildFile; fileRef = 98396A9417F49D72002AFE10 /* InfoPlist.strings */; };
		98396A9817F49D72002AFE10 /* main.m in Sources */ = {isa = PBXBuildFile; fileRef = 98396A9717F49D72002AFE10 /* main.m */; };
		98396A9C17F49D72002AFE10 /* GHZAppDelegate.m in Sources */ = {isa = PBXBuildFile; fileRef = 98396A9B17F49D72002AFE10 /* GHZAppDelegate.m */; };
		98396A9F17F49D72002AFE10 /* Main_iPhone.storyboard in Resources */ = {isa = PBXBuildFile; fileRef = 98396A9D17F49D72002AFE10 /* Main_iPhone.storyboard */; };
		98396AA217F49D72002AFE10 /* Main_iPad.storyboard in Resources */ = {isa = PBXBuildFile; fileRef = 98396AA017F49D72002AFE10 /* Main_iPad.storyboard */; };
		98396AA517F49D72002AFE10 /* GHZViewController.m in Sources */ = {isa = PBXBuildFile; fileRef = 98396AA417F49D72002AFE10 /* GHZViewController.m */; };
		98396AA717F49D72002AFE10 /* Images.xcassets in Resources */ = {isa = PBXBuildFile; fileRef = 98396AA617F49D72002AFE10 /* Images.xcassets */; };
		98396AAE17F49D72002AFE10 /* XCTest.framework in Frameworks */ = {isa = PBXBuildFile; fileRef = 98396AAD17F49D72002AFE10 /* XCTest.framework */; };
		98396AAF17F49D72002AFE10 /* Foundation.framework in Frameworks */ = {isa = PBXBuildFile; fileRef = 98396A8B17F49D72002AFE10 /* Foundation.framework */; };
		98396AB017F49D72002AFE10 /* UIKit.framework in Frameworks */ = {isa = PBXBuildFile; fileRef = 98396A8F17F49D72002AFE10 /* UIKit.framework */; };
		98396AB817F49D72002AFE10 /* InfoPlist.strings in Resources */ = {isa = PBXBuildFile; fileRef = 98396AB617F49D72002AFE10 /* InfoPlist.strings */; };
		98396ABA17F49D72002AFE10 /* StockholmTests.m in Sources */ = {isa = PBXBuildFile; fileRef = 98396AB917F49D72002AFE10 /* StockholmTests.m */; };
		98E7718E17F4CF0800CF44C9 /* libCocoaLibSpotify.a in Frameworks */ = {isa = PBXBuildFile; fileRef = 98290C4B17F4CEB9009BA54E /* libCocoaLibSpotify.a */; };
		98E7719517F4D0B800CF44C9 /* GHZSpotifyPlaybackManager.m in Sources */ = {isa = PBXBuildFile; fileRef = 98E7719217F4D0B800CF44C9 /* GHZSpotifyPlaybackManager.m */; };
		98E7719617F4D0B800CF44C9 /* GHZSpotifyViewController.m in Sources */ = {isa = PBXBuildFile; fileRef = 98E7719417F4D0B800CF44C9 /* GHZSpotifyViewController.m */; };
		98E7719817F4D1D700CF44C9 /* SPLoginResources.bundle in Resources */ = {isa = PBXBuildFile; fileRef = 98E7719717F4D1D700CF44C9 /* SPLoginResources.bundle */; };
/* End PBXBuildFile section */

/* Begin PBXContainerItemProxy section */
		98290C4A17F4CEB9009BA54E /* PBXContainerItemProxy */ = {
			isa = PBXContainerItemProxy;
			containerPortal = 98290C4517F4CEB9009BA54E /* CocoaLibSpotify iOS Library.xcodeproj */;
			proxyType = 2;
			remoteGlobalIDString = 50AF49DC1439CBFE00E4A5EF;
			remoteInfo = CocoaLibSpotify;
		};
		98290C4C17F4CEB9009BA54E /* PBXContainerItemProxy */ = {
			isa = PBXContainerItemProxy;
			containerPortal = 98290C4517F4CEB9009BA54E /* CocoaLibSpotify iOS Library.xcodeproj */;
			proxyType = 2;
			remoteGlobalIDString = 50D4F52B156BCDE800E237DD;
			remoteInfo = CocoaLSTests;
		};
		98396AB117F49D72002AFE10 /* PBXContainerItemProxy */ = {
			isa = PBXContainerItemProxy;
			containerPortal = 98396A8017F49D72002AFE10 /* Project object */;
			proxyType = 1;
			remoteGlobalIDString = 98396A8717F49D72002AFE10;
			remoteInfo = Stockholm;
		};
/* End PBXContainerItemProxy section */

/* Begin PBXFileReference section */
		98290C2D17F4B8D7009BA54E /* Stockholm.entitlements */ = {isa = PBXFileReference; lastKnownFileType = text.xml; path = Stockholm.entitlements; sourceTree = "<group>"; };
		98290C2E17F4B8D7009BA54E /* AudioToolbox.framework */ = {isa = PBXFileReference; lastKnownFileType = wrapper.framework; name = AudioToolbox.framework; path = System/Library/Frameworks/AudioToolbox.framework; sourceTree = SDKROOT; };
		98290C3017F4BE63009BA54E /* AVFoundation.framework */ = {isa = PBXFileReference; lastKnownFileType = wrapper.framework; name = AVFoundation.framework; path = System/Library/Frameworks/AVFoundation.framework; sourceTree = SDKROOT; };
		98290C3217F4BFB3009BA54E /* GHZAudioController.h */ = {isa = PBXFileReference; fileEncoding = 4; lastKnownFileType = sourcecode.c.h; path = GHZAudioController.h; sourceTree = "<group>"; };
		98290C3317F4BFB3009BA54E /* GHZAudioController.m */ = {isa = PBXFileReference; fileEncoding = 4; lastKnownFileType = sourcecode.c.objc; path = GHZAudioController.m; sourceTree = "<group>"; };
		98290C3617F4C3EE009BA54E /* GHZRemoteUnit.h */ = {isa = PBXFileReference; fileEncoding = 4; lastKnownFileType = sourcecode.c.h; path = GHZRemoteUnit.h; sourceTree = "<group>"; };
		98290C3717F4C3EE009BA54E /* GHZRemoteUnit.m */ = {isa = PBXFileReference; fileEncoding = 4; lastKnownFileType = sourcecode.c.objc; path = GHZRemoteUnit.m; sourceTree = "<group>"; };
		98290C3917F4C877009BA54E /* AudioUtilities.h */ = {isa = PBXFileReference; lastKnownFileType = sourcecode.c.h; path = AudioUtilities.h; sourceTree = "<group>"; };
		98290C3B17F4CE74009BA54E /* SystemConfiguration.framework */ = {isa = PBXFileReference; lastKnownFileType = wrapper.framework; name = SystemConfiguration.framework; path = System/Library/Frameworks/SystemConfiguration.framework; sourceTree = SDKROOT; };
		98290C3D17F4CE7E009BA54E /* CFNetwork.framework */ = {isa = PBXFileReference; lastKnownFileType = wrapper.framework; name = CFNetwork.framework; path = System/Library/Frameworks/CFNetwork.framework; sourceTree = SDKROOT; };
		98290C3F17F4CE8E009BA54E /* libstdc++.dylib */ = {isa = PBXFileReference; lastKnownFileType = "compiled.mach-o.dylib"; name = "libstdc++.dylib"; path = "usr/lib/libstdc++.dylib"; sourceTree = SDKROOT; };
		98290C4117F4CE99009BA54E /* CoreAudio.framework */ = {isa = PBXFileReference; lastKnownFileType = wrapper.framework; name = CoreAudio.framework; path = System/Library/Frameworks/CoreAudio.framework; sourceTree = SDKROOT; };
		98290C4317F4CEA1009BA54E /* Security.framework */ = {isa = PBXFileReference; lastKnownFileType = wrapper.framework; name = Security.framework; path = System/Library/Frameworks/Security.framework; sourceTree = SDKROOT; };
		98290C4517F4CEB9009BA54E /* CocoaLibSpotify iOS Library.xcodeproj */ = {isa = PBXFileReference; lastKnownFileType = "wrapper.pb-project"; name = "CocoaLibSpotify iOS Library.xcodeproj"; path = "cocoalibspotify/iOS Library/CocoaLibSpotify iOS Library.xcodeproj"; sourceTree = "<group>"; };
		98396A8817F49D72002AFE10 /* Stockholm.app */ = {isa = PBXFileReference; explicitFileType = wrapper.application; includeInIndex = 0; path = Stockholm.app; sourceTree = BUILT_PRODUCTS_DIR; };
		98396A8B17F49D72002AFE10 /* Foundation.framework */ = {isa = PBXFileReference; lastKnownFileType = wrapper.framework; name = Foundation.framework; path = System/Library/Frameworks/Foundation.framework; sourceTree = SDKROOT; };
		98396A8D17F49D72002AFE10 /* CoreGraphics.framework */ = {isa = PBXFileReference; lastKnownFileType = wrapper.framework; name = CoreGraphics.framework; path = System/Library/Frameworks/CoreGraphics.framework; sourceTree = SDKROOT; };
		98396A8F17F49D72002AFE10 /* UIKit.framework */ = {isa = PBXFileReference; lastKnownFileType = wrapper.framework; name = UIKit.framework; path = System/Library/Frameworks/UIKit.framework; sourceTree = SDKROOT; };
		98396A9317F49D72002AFE10 /* Stockholm-Info.plist */ = {isa = PBXFileReference; lastKnownFileType = text.plist.xml; path = "Stockholm-Info.plist"; sourceTree = "<group>"; };
		98396A9517F49D72002AFE10 /* en */ = {isa = PBXFileReference; lastKnownFileType = text.plist.strings; name = en; path = en.lproj/InfoPlist.strings; sourceTree = "<group>"; };
		98396A9717F49D72002AFE10 /* main.m */ = {isa = PBXFileReference; lastKnownFileType = sourcecode.c.objc; path = main.m; sourceTree = "<group>"; };
		98396A9917F49D72002AFE10 /* Stockholm-Prefix.pch */ = {isa = PBXFileReference; lastKnownFileType = sourcecode.c.h; path = "Stockholm-Prefix.pch"; sourceTree = "<group>"; };
		98396A9A17F49D72002AFE10 /* GHZAppDelegate.h */ = {isa = PBXFileReference; lastKnownFileType = sourcecode.c.h; path = GHZAppDelegate.h; sourceTree = "<group>"; };
		98396A9B17F49D72002AFE10 /* GHZAppDelegate.m */ = {isa = PBXFileReference; lastKnownFileType = sourcecode.c.objc; path = GHZAppDelegate.m; sourceTree = "<group>"; };
		98396A9E17F49D72002AFE10 /* Base */ = {isa = PBXFileReference; lastKnownFileType = file.storyboard; name = Base; path = Base.lproj/Main_iPhone.storyboard; sourceTree = "<group>"; };
		98396AA117F49D72002AFE10 /* Base */ = {isa = PBXFileReference; lastKnownFileType = file.storyboard; name = Base; path = Base.lproj/Main_iPad.storyboard; sourceTree = "<group>"; };
		98396AA317F49D72002AFE10 /* GHZViewController.h */ = {isa = PBXFileReference; lastKnownFileType = sourcecode.c.h; path = GHZViewController.h; sourceTree = "<group>"; };
		98396AA417F49D72002AFE10 /* GHZViewController.m */ = {isa = PBXFileReference; lastKnownFileType = sourcecode.c.objc; path = GHZViewController.m; sourceTree = "<group>"; };
		98396AA617F49D72002AFE10 /* Images.xcassets */ = {isa = PBXFileReference; lastKnownFileType = folder.assetcatalog; path = Images.xcassets; sourceTree = "<group>"; };
		98396AAC17F49D72002AFE10 /* StockholmTests.xctest */ = {isa = PBXFileReference; explicitFileType = wrapper.cfbundle; includeInIndex = 0; path = StockholmTests.xctest; sourceTree = BUILT_PRODUCTS_DIR; };
		98396AAD17F49D72002AFE10 /* XCTest.framework */ = {isa = PBXFileReference; lastKnownFileType = wrapper.framework; name = XCTest.framework; path = Library/Frameworks/XCTest.framework; sourceTree = DEVELOPER_DIR; };
		98396AB517F49D72002AFE10 /* StockholmTests-Info.plist */ = {isa = PBXFileReference; lastKnownFileType = text.plist.xml; path = "StockholmTests-Info.plist"; sourceTree = "<group>"; };
		98396AB717F49D72002AFE10 /* en */ = {isa = PBXFileReference; lastKnownFileType = text.plist.strings; name = en; path = en.lproj/InfoPlist.strings; sourceTree = "<group>"; };
		98396AB917F49D72002AFE10 /* StockholmTests.m */ = {isa = PBXFileReference; lastKnownFileType = sourcecode.c.objc; path = StockholmTests.m; sourceTree = "<group>"; };
		98E7719117F4D0B800CF44C9 /* GHZSpotifyPlaybackManager.h */ = {isa = PBXFileReference; fileEncoding = 4; lastKnownFileType = sourcecode.c.h; path = GHZSpotifyPlaybackManager.h; sourceTree = "<group>"; };
		98E7719217F4D0B800CF44C9 /* GHZSpotifyPlaybackManager.m */ = {isa = PBXFileReference; fileEncoding = 4; lastKnownFileType = sourcecode.c.objc; path = GHZSpotifyPlaybackManager.m; sourceTree = "<group>"; };
		98E7719317F4D0B800CF44C9 /* GHZSpotifyViewController.h */ = {isa = PBXFileReference; fileEncoding = 4; lastKnownFileType = sourcecode.c.h; path = GHZSpotifyViewController.h; sourceTree = "<group>"; };
		98E7719417F4D0B800CF44C9 /* GHZSpotifyViewController.m */ = {isa = PBXFileReference; fileEncoding = 4; lastKnownFileType = sourcecode.c.objc; path = GHZSpotifyViewController.m; sourceTree = "<group>"; };
		98E7719717F4D1D700CF44C9 /* SPLoginResources.bundle */ = {isa = PBXFileReference; lastKnownFileType = "wrapper.plug-in"; path = SPLoginResources.bundle; sourceTree = "<group>"; };
/* End PBXFileReference section */

/* Begin PBXFrameworksBuildPhase section */
		98396A8517F49D72002AFE10 /* Frameworks */ = {
			isa = PBXFrameworksBuildPhase;
			buildActionMask = 2147483647;
			files = (
				98E7718E17F4CF0800CF44C9 /* libCocoaLibSpotify.a in Frameworks */,
				98290C4417F4CEA1009BA54E /* Security.framework in Frameworks */,
				98290C4217F4CE99009BA54E /* CoreAudio.framework in Frameworks */,
				98290C4017F4CE8E009BA54E /* libstdc++.dylib in Frameworks */,
				98290C3E17F4CE7E009BA54E /* CFNetwork.framework in Frameworks */,
				98290C3C17F4CE74009BA54E /* SystemConfiguration.framework in Frameworks */,
				98290C3117F4BE63009BA54E /* AVFoundation.framework in Frameworks */,
				98396A8E17F49D72002AFE10 /* CoreGraphics.framework in Frameworks */,
				98396A9017F49D72002AFE10 /* UIKit.framework in Frameworks */,
				98396A8C17F49D72002AFE10 /* Foundation.framework in Frameworks */,
				98290C2F17F4B8D7009BA54E /* AudioToolbox.framework in Frameworks */,
			);
			runOnlyForDeploymentPostprocessing = 0;
		};
		98396AA917F49D72002AFE10 /* Frameworks */ = {
			isa = PBXFrameworksBuildPhase;
			buildActionMask = 2147483647;
			files = (
				98396AAE17F49D72002AFE10 /* XCTest.framework in Frameworks */,
				98396AB017F49D72002AFE10 /* UIKit.framework in Frameworks */,
				98396AAF17F49D72002AFE10 /* Foundation.framework in Frameworks */,
			);
			runOnlyForDeploymentPostprocessing = 0;
		};
/* End PBXFrameworksBuildPhase section */

/* Begin PBXGroup section */
		98290C3517F4C3E3009BA54E /* Audio */ = {
			isa = PBXGroup;
			children = (
				98290C3217F4BFB3009BA54E /* GHZAudioController.h */,
				98290C3317F4BFB3009BA54E /* GHZAudioController.m */,
				98290C3617F4C3EE009BA54E /* GHZRemoteUnit.h */,
				98290C3717F4C3EE009BA54E /* GHZRemoteUnit.m */,
				98290C3917F4C877009BA54E /* AudioUtilities.h */,
			);
			name = Audio;
			sourceTree = "<group>";
		};
		98290C4617F4CEB9009BA54E /* Products */ = {
			isa = PBXGroup;
			children = (
				98290C4B17F4CEB9009BA54E /* libCocoaLibSpotify.a */,
				98290C4D17F4CEB9009BA54E /* CocoaLSTests.app */,
			);
			name = Products;
			sourceTree = "<group>";
		};
		98396A7F17F49D72002AFE10 = {
			isa = PBXGroup;
			children = (
				98290C4517F4CEB9009BA54E /* CocoaLibSpotify iOS Library.xcodeproj */,
				98396A9117F49D72002AFE10 /* Stockholm */,
				98396AB317F49D72002AFE10 /* StockholmTests */,
				98396A8A17F49D72002AFE10 /* Frameworks */,
				98396A8917F49D72002AFE10 /* Products */,
			);
			sourceTree = "<group>";
		};
		98396A8917F49D72002AFE10 /* Products */ = {
			isa = PBXGroup;
			children = (
				98396A8817F49D72002AFE10 /* Stockholm.app */,
				98396AAC17F49D72002AFE10 /* StockholmTests.xctest */,
			);
			name = Products;
			sourceTree = "<group>";
		};
		98396A8A17F49D72002AFE10 /* Frameworks */ = {
			isa = PBXGroup;
			children = (
				98290C4317F4CEA1009BA54E /* Security.framework */,
				98290C4117F4CE99009BA54E /* CoreAudio.framework */,
				98290C3F17F4CE8E009BA54E /* libstdc++.dylib */,
				98290C3D17F4CE7E009BA54E /* CFNetwork.framework */,
				98290C3B17F4CE74009BA54E /* SystemConfiguration.framework */,
				98290C3017F4BE63009BA54E /* AVFoundation.framework */,
				98290C2E17F4B8D7009BA54E /* AudioToolbox.framework */,
				98396A8B17F49D72002AFE10 /* Foundation.framework */,
				98396A8D17F49D72002AFE10 /* CoreGraphics.framework */,
				98396A8F17F49D72002AFE10 /* UIKit.framework */,
				98396AAD17F49D72002AFE10 /* XCTest.framework */,
			);
			name = Frameworks;
			sourceTree = "<group>";
		};
		98396A9117F49D72002AFE10 /* Stockholm */ = {
			isa = PBXGroup;
			children = (
				98E7718F17F4CF1500CF44C9 /* Interface */,
				98290C3517F4C3E3009BA54E /* Audio */,
				98E7719017F4CF1D00CF44C9 /* Other */,
				98396A9217F49D72002AFE10 /* Supporting Files */,
			);
			path = Stockholm;
			sourceTree = "<group>";
		};
		98396A9217F49D72002AFE10 /* Supporting Files */ = {
			isa = PBXGroup;
			children = (
				98396A9317F49D72002AFE10 /* Stockholm-Info.plist */,
				98396A9417F49D72002AFE10 /* InfoPlist.strings */,
				98396A9717F49D72002AFE10 /* main.m */,
				98396A9917F49D72002AFE10 /* Stockholm-Prefix.pch */,
			);
			name = "Supporting Files";
			sourceTree = "<group>";
		};
		98396AB317F49D72002AFE10 /* StockholmTests */ = {
			isa = PBXGroup;
			children = (
				98396AB917F49D72002AFE10 /* StockholmTests.m */,
				98396AB417F49D72002AFE10 /* Supporting Files */,
			);
			path = StockholmTests;
			sourceTree = "<group>";
		};
		98396AB417F49D72002AFE10 /* Supporting Files */ = {
			isa = PBXGroup;
			children = (
				98396AB517F49D72002AFE10 /* StockholmTests-Info.plist */,
				98396AB617F49D72002AFE10 /* InfoPlist.strings */,
			);
			name = "Supporting Files";
			sourceTree = "<group>";
		};
		98E7718F17F4CF1500CF44C9 /* Interface */ = {
			isa = PBXGroup;
			children = (
				98E7719117F4D0B800CF44C9 /* GHZSpotifyPlaybackManager.h */,
				98E7719217F4D0B800CF44C9 /* GHZSpotifyPlaybackManager.m */,
				98E7719317F4D0B800CF44C9 /* GHZSpotifyViewController.h */,
				98E7719417F4D0B800CF44C9 /* GHZSpotifyViewController.m */,
				98396AA317F49D72002AFE10 /* GHZViewController.h */,
				98396AA417F49D72002AFE10 /* GHZViewController.m */,
			);
			name = Interface;
			sourceTree = "<group>";
		};
		98E7719017F4CF1D00CF44C9 /* Other */ = {
			isa = PBXGroup;
			children = (
				98E7719717F4D1D700CF44C9 /* SPLoginResources.bundle */,
				98290C2D17F4B8D7009BA54E /* Stockholm.entitlements */,
				98396A9A17F49D72002AFE10 /* GHZAppDelegate.h */,
				98396A9B17F49D72002AFE10 /* GHZAppDelegate.m */,
				98396A9D17F49D72002AFE10 /* Main_iPhone.storyboard */,
				98396AA017F49D72002AFE10 /* Main_iPad.storyboard */,
				98396AA617F49D72002AFE10 /* Images.xcassets */,
			);
			name = Other;
			sourceTree = "<group>";
		};
/* End PBXGroup section */

/* Begin PBXNativeTarget section */
		98396A8717F49D72002AFE10 /* Stockholm */ = {
			isa = PBXNativeTarget;
			buildConfigurationList = 98396ABD17F49D72002AFE10 /* Build configuration list for PBXNativeTarget "Stockholm" */;
			buildPhases = (
				98396A8417F49D72002AFE10 /* Sources */,
				98396A8517F49D72002AFE10 /* Frameworks */,
				98396A8617F49D72002AFE10 /* Resources */,
			);
			buildRules = (
			);
			dependencies = (
			);
			name = Stockholm;
			productName = Stockholm;
			productReference = 98396A8817F49D72002AFE10 /* Stockholm.app */;
			productType = "com.apple.product-type.application";
		};
		98396AAB17F49D72002AFE10 /* StockholmTests */ = {
			isa = PBXNativeTarget;
			buildConfigurationList = 98396AC017F49D72002AFE10 /* Build configuration list for PBXNativeTarget "StockholmTests" */;
			buildPhases = (
				98396AA817F49D72002AFE10 /* Sources */,
				98396AA917F49D72002AFE10 /* Frameworks */,
				98396AAA17F49D72002AFE10 /* Resources */,
			);
			buildRules = (
			);
			dependencies = (
				98396AB217F49D72002AFE10 /* PBXTargetDependency */,
			);
			name = StockholmTests;
			productName = StockholmTests;
			productReference = 98396AAC17F49D72002AFE10 /* StockholmTests.xctest */;
			productType = "com.apple.product-type.bundle.unit-test";
		};
/* End PBXNativeTarget section */

/* Begin PBXProject section */
		98396A8017F49D72002AFE10 /* Project object */ = {
			isa = PBXProject;
			attributes = {
				CLASSPREFIX = GHZ;
				LastUpgradeCheck = 0500;
				ORGANIZATIONNAME = GHz;
				TargetAttributes = {
					98396A8717F49D72002AFE10 = {
						DevelopmentTeam = YB9BTDNY2X;
						SystemCapabilities = {
							com.apple.BackgroundModes = {
								enabled = 1;
							};
							com.apple.InterAppAudio = {
								enabled = 1;
							};
						};
					};
					98396AAB17F49D72002AFE10 = {
						TestTargetID = 98396A8717F49D72002AFE10;
					};
				};
			};
			buildConfigurationList = 98396A8317F49D72002AFE10 /* Build configuration list for PBXProject "Stockholm" */;
			compatibilityVersion = "Xcode 3.2";
			developmentRegion = English;
			hasScannedForEncodings = 0;
			knownRegions = (
				en,
				Base,
			);
			mainGroup = 98396A7F17F49D72002AFE10;
			productRefGroup = 98396A8917F49D72002AFE10 /* Products */;
			projectDirPath = "";
			projectReferences = (
				{
					ProductGroup = 98290C4617F4CEB9009BA54E /* Products */;
					ProjectRef = 98290C4517F4CEB9009BA54E /* CocoaLibSpotify iOS Library.xcodeproj */;
				},
			);
			projectRoot = "";
			targets = (
				98396A8717F49D72002AFE10 /* Stockholm */,
				98396AAB17F49D72002AFE10 /* StockholmTests */,
			);
		};
/* End PBXProject section */

/* Begin PBXReferenceProxy section */
		98290C4B17F4CEB9009BA54E /* libCocoaLibSpotify.a */ = {
			isa = PBXReferenceProxy;
			fileType = archive.ar;
			path = libCocoaLibSpotify.a;
			remoteRef = 98290C4A17F4CEB9009BA54E /* PBXContainerItemProxy */;
			sourceTree = BUILT_PRODUCTS_DIR;
		};
		98290C4D17F4CEB9009BA54E /* CocoaLSTests.app */ = {
			isa = PBXReferenceProxy;
			fileType = wrapper.application;
			path = CocoaLSTests.app;
			remoteRef = 98290C4C17F4CEB9009BA54E /* PBXContainerItemProxy */;
			sourceTree = BUILT_PRODUCTS_DIR;
		};
/* End PBXReferenceProxy section */

/* Begin PBXResourcesBuildPhase section */
		98396A8617F49D72002AFE10 /* Resources */ = {
			isa = PBXResourcesBuildPhase;
			buildActionMask = 2147483647;
			files = (
				98E7719817F4D1D700CF44C9 /* SPLoginResources.bundle in Resources */,
				98396AA217F49D72002AFE10 /* Main_iPad.storyboard in Resources */,
				98396AA717F49D72002AFE10 /* Images.xcassets in Resources */,
				98396A9F17F49D72002AFE10 /* Main_iPhone.storyboard in Resources */,
				98396A9617F49D72002AFE10 /* InfoPlist.strings in Resources */,
			);
			runOnlyForDeploymentPostprocessing = 0;
		};
		98396AAA17F49D72002AFE10 /* Resources */ = {
			isa = PBXResourcesBuildPhase;
			buildActionMask = 2147483647;
			files = (
				98396AB817F49D72002AFE10 /* InfoPlist.strings in Resources */,
			);
			runOnlyForDeploymentPostprocessing = 0;
		};
/* End PBXResourcesBuildPhase section */

/* Begin PBXSourcesBuildPhase section */
		98396A8417F49D72002AFE10 /* Sources */ = {
			isa = PBXSourcesBuildPhase;
			buildActionMask = 2147483647;
			files = (
				98290C3817F4C3EE009BA54E /* GHZRemoteUnit.m in Sources */,
				98396AA517F49D72002AFE10 /* GHZViewController.m in Sources */,
				98396A9C17F49D72002AFE10 /* GHZAppDelegate.m in Sources */,
				98290C3417F4BFB3009BA54E /* GHZAudioController.m in Sources */,
				98396A9817F49D72002AFE10 /* main.m in Sources */,
				98E7719617F4D0B800CF44C9 /* GHZSpotifyViewController.m in Sources */,
				98E7719517F4D0B800CF44C9 /* GHZSpotifyPlaybackManager.m in Sources */,
			);
			runOnlyForDeploymentPostprocessing = 0;
		};
		98396AA817F49D72002AFE10 /* Sources */ = {
			isa = PBXSourcesBuildPhase;
			buildActionMask = 2147483647;
			files = (
				98396ABA17F49D72002AFE10 /* StockholmTests.m in Sources */,
			);
			runOnlyForDeploymentPostprocessing = 0;
		};
/* End PBXSourcesBuildPhase section */

/* Begin PBXTargetDependency section */
		98396AB217F49D72002AFE10 /* PBXTargetDependency */ = {
			isa = PBXTargetDependency;
			target = 98396A8717F49D72002AFE10 /* Stockholm */;
			targetProxy = 98396AB117F49D72002AFE10 /* PBXContainerItemProxy */;
		};
/* End PBXTargetDependency section */

/* Begin PBXVariantGroup section */
		98396A9417F49D72002AFE10 /* InfoPlist.strings */ = {
			isa = PBXVariantGroup;
			children = (
				98396A9517F49D72002AFE10 /* en */,
			);
			name = InfoPlist.strings;
			sourceTree = "<group>";
		};
		98396A9D17F49D72002AFE10 /* Main_iPhone.storyboard */ = {
			isa = PBXVariantGroup;
			children = (
				98396A9E17F49D72002AFE10 /* Base */,
			);
			name = Main_iPhone.storyboard;
			sourceTree = "<group>";
		};
		98396AA017F49D72002AFE10 /* Main_iPad.storyboard */ = {
			isa = PBXVariantGroup;
			children = (
				98396AA117F49D72002AFE10 /* Base */,
			);
			name = Main_iPad.storyboard;
			sourceTree = "<group>";
		};
		98396AB617F49D72002AFE10 /* InfoPlist.strings */ = {
			isa = PBXVariantGroup;
			children = (
				98396AB717F49D72002AFE10 /* en */,
			);
			name = InfoPlist.strings;
			sourceTree = "<group>";
		};
/* End PBXVariantGroup section */

/* Begin XCBuildConfiguration section */
		98396ABB17F49D72002AFE10 /* Debug */ = {
			isa = XCBuildConfiguration;
			buildSettings = {
				ALWAYS_SEARCH_USER_PATHS = NO;
				ARCHS = "$(ARCHS_STANDARD_INCLUDING_64_BIT)";
				CLANG_CXX_LANGUAGE_STANDARD = "gnu++0x";
				CLANG_CXX_LIBRARY = "libc++";
				CLANG_ENABLE_MODULES = YES;
				CLANG_ENABLE_OBJC_ARC = YES;
				CLANG_WARN_BOOL_CONVERSION = YES;
				CLANG_WARN_CONSTANT_CONVERSION = YES;
				CLANG_WARN_DIRECT_OBJC_ISA_USAGE = YES_ERROR;
				CLANG_WARN_EMPTY_BODY = YES;
				CLANG_WARN_ENUM_CONVERSION = YES;
				CLANG_WARN_INT_CONVERSION = YES;
				CLANG_WARN_OBJC_ROOT_CLASS = YES_ERROR;
				CLANG_WARN__DUPLICATE_METHOD_MATCH = YES;
				"CODE_SIGN_IDENTITY[sdk=iphoneos*]" = "iPhone Developer";
				COPY_PHASE_STRIP = NO;
				GCC_C_LANGUAGE_STANDARD = gnu99;
				GCC_DYNAMIC_NO_PIC = NO;
				GCC_OPTIMIZATION_LEVEL = 0;
				GCC_PREPROCESSOR_DEFINITIONS = (
					"DEBUG=1",
					"$(inherited)",
				);
				GCC_SYMBOLS_PRIVATE_EXTERN = NO;
				GCC_WARN_64_TO_32_BIT_CONVERSION = YES;
				GCC_WARN_ABOUT_RETURN_TYPE = YES_ERROR;
				GCC_WARN_UNDECLARED_SELECTOR = YES;
				GCC_WARN_UNINITIALIZED_AUTOS = YES;
				GCC_WARN_UNUSED_FUNCTION = YES;
				GCC_WARN_UNUSED_VARIABLE = YES;
				IPHONEOS_DEPLOYMENT_TARGET = 7.0;
				ONLY_ACTIVE_ARCH = YES;
				SDKROOT = iphoneos;
				TARGETED_DEVICE_FAMILY = "1,2";
			};
			name = Debug;
		};
		98396ABC17F49D72002AFE10 /* Release */ = {
			isa = XCBuildConfiguration;
			buildSettings = {
				ALWAYS_SEARCH_USER_PATHS = NO;
				ARCHS = "$(ARCHS_STANDARD_INCLUDING_64_BIT)";
				CLANG_CXX_LANGUAGE_STANDARD = "gnu++0x";
				CLANG_CXX_LIBRARY = "libc++";
				CLANG_ENABLE_MODULES = YES;
				CLANG_ENABLE_OBJC_ARC = YES;
				CLANG_WARN_BOOL_CONVERSION = YES;
				CLANG_WARN_CONSTANT_CONVERSION = YES;
				CLANG_WARN_DIRECT_OBJC_ISA_USAGE = YES_ERROR;
				CLANG_WARN_EMPTY_BODY = YES;
				CLANG_WARN_ENUM_CONVERSION = YES;
				CLANG_WARN_INT_CONVERSION = YES;
				CLANG_WARN_OBJC_ROOT_CLASS = YES_ERROR;
				CLANG_WARN__DUPLICATE_METHOD_MATCH = YES;
				"CODE_SIGN_IDENTITY[sdk=iphoneos*]" = "iPhone Developer";
				COPY_PHASE_STRIP = YES;
				ENABLE_NS_ASSERTIONS = NO;
				GCC_C_LANGUAGE_STANDARD = gnu99;
				GCC_WARN_64_TO_32_BIT_CONVERSION = YES;
				GCC_WARN_ABOUT_RETURN_TYPE = YES_ERROR;
				GCC_WARN_UNDECLARED_SELECTOR = YES;
				GCC_WARN_UNINITIALIZED_AUTOS = YES;
				GCC_WARN_UNUSED_FUNCTION = YES;
				GCC_WARN_UNUSED_VARIABLE = YES;
				IPHONEOS_DEPLOYMENT_TARGET = 7.0;
				SDKROOT = iphoneos;
				TARGETED_DEVICE_FAMILY = "1,2";
				VALIDATE_PRODUCT = YES;
			};
			name = Release;
		};
		98396ABE17F49D72002AFE10 /* Debug */ = {
			isa = XCBuildConfiguration;
			buildSettings = {
				ASSETCATALOG_COMPILER_APPICON_NAME = AppIcon;
				ASSETCATALOG_COMPILER_LAUNCHIMAGE_NAME = LaunchImage;
				CODE_SIGN_ENTITLEMENTS = Stockholm/Stockholm.entitlements;
				CODE_SIGN_IDENTITY = "iPhone Developer";
				"CODE_SIGN_IDENTITY[sdk=iphoneos*]" = "iPhone Developer";
				FRAMEWORK_SEARCH_PATHS = "$(CONFIGURATION_BUILD_DIR)/include";
				GCC_PRECOMPILE_PREFIX_HEADER = YES;
				GCC_PREFIX_HEADER = "Stockholm/Stockholm-Prefix.pch";
				INFOPLIST_FILE = "Stockholm/Stockholm-Info.plist";
				PRODUCT_NAME = "$(TARGET_NAME)";
				PROVISIONING_PROFILE = "";
				WRAPPER_EXTENSION = app;
			};
			name = Debug;
		};
		98396ABF17F49D72002AFE10 /* Release */ = {
			isa = XCBuildConfiguration;
			buildSettings = {
				ASSETCATALOG_COMPILER_APPICON_NAME = AppIcon;
				ASSETCATALOG_COMPILER_LAUNCHIMAGE_NAME = LaunchImage;
				CODE_SIGN_ENTITLEMENTS = Stockholm/Stockholm.entitlements;
				CODE_SIGN_IDENTITY = "iPhone Developer";
				"CODE_SIGN_IDENTITY[sdk=iphoneos*]" = "iPhone Developer";
				FRAMEWORK_SEARCH_PATHS = "$(CONFIGURATION_BUILD_DIR)/include";
				GCC_PRECOMPILE_PREFIX_HEADER = YES;
				GCC_PREFIX_HEADER = "Stockholm/Stockholm-Prefix.pch";
				INFOPLIST_FILE = "Stockholm/Stockholm-Info.plist";
				PRODUCT_NAME = "$(TARGET_NAME)";
				PROVISIONING_PROFILE = "";
				WRAPPER_EXTENSION = app;
			};
			name = Release;
		};
		98396AC117F49D72002AFE10 /* Debug */ = {
			isa = XCBuildConfiguration;
			buildSettings = {
				ARCHS = "$(ARCHS_STANDARD_INCLUDING_64_BIT)";
				BUNDLE_LOADER = "$(BUILT_PRODUCTS_DIR)/Stockholm.app/Stockholm";
				FRAMEWORK_SEARCH_PATHS = (
					"$(SDKROOT)/Developer/Library/Frameworks",
					"$(inherited)",
					"$(DEVELOPER_FRAMEWORKS_DIR)",
				);
				GCC_PRECOMPILE_PREFIX_HEADER = YES;
				GCC_PREFIX_HEADER = "Stockholm/Stockholm-Prefix.pch";
				GCC_PREPROCESSOR_DEFINITIONS = (
					"DEBUG=1",
					"$(inherited)",
				);
				INFOPLIST_FILE = "StockholmTests/StockholmTests-Info.plist";
				PRODUCT_NAME = "$(TARGET_NAME)";
				TEST_HOST = "$(BUNDLE_LOADER)";
				WRAPPER_EXTENSION = xctest;
			};
			name = Debug;
		};
		98396AC217F49D72002AFE10 /* Release */ = {
			isa = XCBuildConfiguration;
			buildSettings = {
				ARCHS = "$(ARCHS_STANDARD_INCLUDING_64_BIT)";
				BUNDLE_LOADER = "$(BUILT_PRODUCTS_DIR)/Stockholm.app/Stockholm";
				FRAMEWORK_SEARCH_PATHS = (
					"$(SDKROOT)/Developer/Library/Frameworks",
					"$(inherited)",
					"$(DEVELOPER_FRAMEWORKS_DIR)",
				);
				GCC_PRECOMPILE_PREFIX_HEADER = YES;
				GCC_PREFIX_HEADER = "Stockholm/Stockholm-Prefix.pch";
				INFOPLIST_FILE = "StockholmTests/StockholmTests-Info.plist";
				PRODUCT_NAME = "$(TARGET_NAME)";
				TEST_HOST = "$(BUNDLE_LOADER)";
				WRAPPER_EXTENSION = xctest;
			};
			name = Release;
		};
/* End XCBuildConfiguration section */

/* Begin XCConfigurationList section */
		98396A8317F49D72002AFE10 /* Build configuration list for PBXProject "Stockholm" */ = {
			isa = XCConfigurationList;
			buildConfigurations = (
				98396ABB17F49D72002AFE10 /* Debug */,
				98396ABC17F49D72002AFE10 /* Release */,
			);
			defaultConfigurationIsVisible = 0;
			defaultConfigurationName = Release;
		};
		98396ABD17F49D72002AFE10 /* Build configuration list for PBXNativeTarget "Stockholm" */ = {
			isa = XCConfigurationList;
			buildConfigurations = (
				98396ABE17F49D72002AFE10 /* Debug */,
				98396ABF17F49D72002AFE10 /* Release */,
			);
			defaultConfigurationIsVisible = 0;
			defaultConfigurationName = Release;
		};
		98396AC017F49D72002AFE10 /* Build configuration list for PBXNativeTarget "StockholmTests" */ = {
			isa = XCConfigurationList;
			buildConfigurations = (
				98396AC117F49D72002AFE10 /* Debug */,
				98396AC217F49D72002AFE10 /* Release */,
			);
			defaultConfigurationIsVisible = 0;
			defaultConfigurationName = Release;
		};
/* End XCConfigurationList section */
	};
	rootObject = 98396A8017F49D72002AFE10 /* Project object */;
}
